
Microsoft Visual Studio Solution File, Format Version 12.00
# Visual Studio Version 17
VisualStudioVersion = 17.4.33213.308
MinimumVisualStudioVersion = 10.0.40219.1
Project("{2150E333-8FDC-42A3-9474-1A3956D46DE8}") = "Solution Items", "Solution Items", "{469838A0-8A9C-4F24-AF3E-041E547F70A5}"
	ProjectSection(SolutionItems) = preProject
		.github\workflows\dotnet.yml = .github\workflows\dotnet.yml
		README.md = README.md
	EndProjectSection
EndProject
Project("{9A19103F-16F7-4668-BE54-9A1E7A4F7556}") = "DelegatedEntraIDBlobStorage", "DelegatedEntraIDBlobStorage\DelegatedEntraIDBlobStorage.csproj", "{06230B6C-746A-456A-B9EC-4E3B61846E77}"
EndProject
Project("{9A19103F-16F7-4668-BE54-9A1E7A4F7556}") = "DelegatedReadAppWriteBlobStorage", "DelegatedReadAppWriteBlobStorage\DelegatedReadAppWriteBlobStorage.csproj", "{83C304C5-9B28-4D59-BA33-94884CA7F060}"
EndProject
Project("{9A19103F-16F7-4668-BE54-9A1E7A4F7556}") = "MultiClientBlobStorage", "MultiClientBlobStorage\MultiClientBlobStorage.csproj", "{0145341E-34F8-4FA2-BF5B-95CD3E53903E}"
EndProject
Global
	GlobalSection(SolutionConfigurationPlatforms) = preSolution
		Debug|Any CPU = Debug|Any CPU
		Release|Any CPU = Release|Any CPU
	EndGlobalSection
	GlobalSection(ProjectConfigurationPlatforms) = postSolution
		{06230B6C-746A-456A-B9EC-4E3B61846E77}.Debug|Any CPU.ActiveCfg = Debug|Any CPU
		{06230B6C-746A-456A-B9EC-4E3B61846E77}.Debug|Any CPU.Build.0 = Debug|Any CPU
		{06230B6C-746A-456A-B9EC-4E3B61846E77}.Release|Any CPU.ActiveCfg = Release|Any CPU
		{06230B6C-746A-456A-B9EC-4E3B61846E77}.Release|Any CPU.Build.0 = Release|Any CPU
		{83C304C5-9B28-4D59-BA33-94884CA7F060}.Debug|Any CPU.ActiveCfg = Debug|Any CPU
		{83C304C5-9B28-4D59-BA33-94884CA7F060}.Debug|Any CPU.Build.0 = Debug|Any CPU
		{83C304C5-9B28-4D59-BA33-94884CA7F060}.Release|Any CPU.ActiveCfg = Release|Any CPU
		{83C304C5-9B28-4D59-BA33-94884CA7F060}.Release|Any CPU.Build.0 = Release|Any CPU
		{0145341E-34F8-4FA2-BF5B-95CD3E53903E}.Debug|Any CPU.ActiveCfg = Debug|Any CPU
		{0145341E-34F8-4FA2-BF5B-95CD3E53903E}.Debug|Any CPU.Build.0 = Debug|Any CPU
		{0145341E-34F8-4FA2-BF5B-95CD3E53903E}.Release|Any CPU.ActiveCfg = Release|Any CPU
		{0145341E-34F8-4FA2-BF5B-95CD3E53903E}.Release|Any CPU.Build.0 = Release|Any CPU
	EndGlobalSection
	GlobalSection(SolutionProperties) = preSolution
		HideSolutionNode = FALSE
	EndGlobalSection
	GlobalSection(ExtensibilityGlobals) = postSolution
		SolutionGuid = {8C44FF42-70F5-46F9-B48A-941BE676DCEF}
	EndGlobalSection
EndGlobal
