
Microsoft Visual Studio Solution File, Format Version 12.00
# Visual Studio Version 16
VisualStudioVersion = 16.0.30907.101
MinimumVisualStudioVersion = 10.0.40219.1
Project("{9A19103F-16F7-4668-BE54-9A1E7A4F7556}") = "AspNetCoreAzureStorage", "AspNetCoreAzureStorage\AspNetCoreAzureStorage.csproj", "{E4FD3F3B-AA37-4FD7-90D4-4107D4D6A9FD}"
EndProject
Global
	GlobalSection(SolutionConfigurationPlatforms) = preSolution
		Debug|Any CPU = Debug|Any CPU
		Release|Any CPU = Release|Any CPU
	EndGlobalSection
	GlobalSection(ProjectConfigurationPlatforms) = postSolution
		{E4FD3F3B-AA37-4FD7-90D4-4107D4D6A9FD}.Debug|Any CPU.ActiveCfg = Debug|Any CPU
		{E4FD3F3B-AA37-4FD7-90D4-4107D4D6A9FD}.Debug|Any CPU.Build.0 = Debug|Any CPU
		{E4FD3F3B-AA37-4FD7-90D4-4107D4D6A9FD}.Release|Any CPU.ActiveCfg = Release|Any CPU
		{E4FD3F3B-AA37-4FD7-90D4-4107D4D6A9FD}.Release|Any CPU.Build.0 = Release|Any CPU
	EndGlobalSection
	GlobalSection(SolutionProperties) = preSolution
		HideSolutionNode = FALSE
	EndGlobalSection
	GlobalSection(ExtensibilityGlobals) = postSolution
		SolutionGuid = {8C44FF42-70F5-46F9-B48A-941BE676DCEF}
	EndGlobalSection
EndGlobal
